
Microsoft Visual Studio Solution File, Format Version 12.00
# Visual Studio 2013
VisualStudioVersion = 12.0.21005.1
MinimumVisualStudioVersion = 10.0.40219.1
Project("{8BC9CEB8-8B4A-11D0-8D11-00A0C91BC942}") = "数据结构", "数据结构\数据结构.vcxproj", "{FAE72C49-CCD6-4674-8789-6577F05E1022}"
EndProject
Global
	GlobalSection(SolutionConfigurationPlatforms) = preSolution
		Debug|Win32 = Debug|Win32
		Release|Win32 = Release|Win32
	EndGlobalSection
	GlobalSection(ProjectConfigurationPlatforms) = postSolution
		{FAE72C49-CCD6-4674-8789-6577F05E1022}.Debug|Win32.ActiveCfg = Debug|Win32
		{FAE72C49-CCD6-4674-8789-6577F05E1022}.Debug|Win32.Build.0 = Debug|Win32
		{FAE72C49-CCD6-4674-8789-6577F05E1022}.Release|Win32.ActiveCfg = Release|Win32
		{FAE72C49-CCD6-4674-8789-6577F05E1022}.Release|Win32.Build.0 = Release|Win32
	EndGlobalSection
	GlobalSection(SolutionProperties) = preSolution
		HideSolutionNode = FALSE
	EndGlobalSection
EndGlobal
