
Microsoft Visual Studio Solution File, Format Version 12.00
# Visual Studio 2013
VisualStudioVersion = 12.0.21005.1
MinimumVisualStudioVersion = 10.0.40219.1
Project("{FAE04EC0-301F-11D3-BF4B-00C04F79EFBC}") = "组合模式", "组合模式\组合模式.csproj", "{5BDBD50B-51DF-482D-9176-A4CEE29156A2}"
EndProject
Global
	GlobalSection(SolutionConfigurationPlatforms) = preSolution
		Debug|Any CPU = Debug|Any CPU
		Release|Any CPU = Release|Any CPU
	EndGlobalSection
	GlobalSection(ProjectConfigurationPlatforms) = postSolution
		{5BDBD50B-51DF-482D-9176-A4CEE29156A2}.Debug|Any CPU.ActiveCfg = Debug|Any CPU
		{5BDBD50B-51DF-482D-9176-A4CEE29156A2}.Debug|Any CPU.Build.0 = Debug|Any CPU
		{5BDBD50B-51DF-482D-9176-A4CEE29156A2}.Release|Any CPU.ActiveCfg = Release|Any CPU
		{5BDBD50B-51DF-482D-9176-A4CEE29156A2}.Release|Any CPU.Build.0 = Release|Any CPU
	EndGlobalSection
	GlobalSection(SolutionProperties) = preSolution
		HideSolutionNode = FALSE
	EndGlobalSection
EndGlobal
